
Microsoft Visual Studio Solution File, Format Version 12.00
# Visual Studio Version 16
VisualStudioVersion = 16.0.31729.503
MinimumVisualStudioVersion = 10.0.40219.1
Project("{FAE04EC0-301F-11D3-BF4B-00C04F79EFBC}") = "KrizInKrog", "KrizInKrog\KrizInKrog.csproj", "{4C1AA718-ED0E-4DB1-914B-626512A18818}"
EndProject
Global
	GlobalSection(SolutionConfigurationPlatforms) = preSolution
		Debug|Any CPU = Debug|Any CPU
		Release|Any CPU = Release|Any CPU
	EndGlobalSection
	GlobalSection(ProjectConfigurationPlatforms) = postSolution
		{4C1AA718-ED0E-4DB1-914B-626512A18818}.Debug|Any CPU.ActiveCfg = Debug|Any CPU
		{4C1AA718-ED0E-4DB1-914B-626512A18818}.Debug|Any CPU.Build.0 = Debug|Any CPU
		{4C1AA718-ED0E-4DB1-914B-626512A18818}.Release|Any CPU.ActiveCfg = Release|Any CPU
		{4C1AA718-ED0E-4DB1-914B-626512A18818}.Release|Any CPU.Build.0 = Release|Any CPU
	EndGlobalSection
	GlobalSection(SolutionProperties) = preSolution
		HideSolutionNode = FALSE
	EndGlobalSection
	GlobalSection(ExtensibilityGlobals) = postSolution
		SolutionGuid = {0D793338-07D5-49AF-9012-91A61A433C4C}
	EndGlobalSection
EndGlobal
