
Microsoft Visual Studio Solution File, Format Version 12.00
# Visual Studio Version 16
VisualStudioVersion = 16.0.31727.386
MinimumVisualStudioVersion = 10.0.40219.1
Project("{FAE04EC0-301F-11D3-BF4B-00C04F79EFBC}") = "ReneXO", "ReneXO\ReneXO.csproj", "{30F273B2-EE1D-49C4-B95A-877FBD1640AC}"
EndProject
Global
	GlobalSection(SolutionConfigurationPlatforms) = preSolution
		Debug|Any CPU = Debug|Any CPU
		Release|Any CPU = Release|Any CPU
	EndGlobalSection
	GlobalSection(ProjectConfigurationPlatforms) = postSolution
		{30F273B2-EE1D-49C4-B95A-877FBD1640AC}.Debug|Any CPU.ActiveCfg = Debug|Any CPU
		{30F273B2-EE1D-49C4-B95A-877FBD1640AC}.Debug|Any CPU.Build.0 = Debug|Any CPU
		{30F273B2-EE1D-49C4-B95A-877FBD1640AC}.Release|Any CPU.ActiveCfg = Release|Any CPU
		{30F273B2-EE1D-49C4-B95A-877FBD1640AC}.Release|Any CPU.Build.0 = Release|Any CPU
	EndGlobalSection
	GlobalSection(SolutionProperties) = preSolution
		HideSolutionNode = FALSE
	EndGlobalSection
	GlobalSection(ExtensibilityGlobals) = postSolution
		SolutionGuid = {70674AD0-0AA4-47D0-9599-0171141EB268}
	EndGlobalSection
EndGlobal
